
Microsoft Visual Studio Solution File, Format Version 12.00
# Visual Studio Version 16
VisualStudioVersion = 16.0.30330.147
MinimumVisualStudioVersion = 10.0.40219.1
Project("{FAE04EC0-301F-11D3-BF4B-00C04F79EFBC}") = "AzureFunctionProxy4", "AzureFunctionProxy4.csproj", "{E05258DD-621F-4992-9C2E-77324673447B}"
EndProject
Global
	GlobalSection(SolutionConfigurationPlatforms) = preSolution
		Debug|Any CPU = Debug|Any CPU
		Release|Any CPU = Release|Any CPU
	EndGlobalSection
	GlobalSection(ProjectConfigurationPlatforms) = postSolution
		{E05258DD-621F-4992-9C2E-77324673447B}.Debug|Any CPU.ActiveCfg = Debug|Any CPU
		{E05258DD-621F-4992-9C2E-77324673447B}.Debug|Any CPU.Build.0 = Debug|Any CPU
		{E05258DD-621F-4992-9C2E-77324673447B}.Release|Any CPU.ActiveCfg = Release|Any CPU
		{E05258DD-621F-4992-9C2E-77324673447B}.Release|Any CPU.Build.0 = Release|Any CPU
	EndGlobalSection
	GlobalSection(SolutionProperties) = preSolution
		HideSolutionNode = FALSE
	EndGlobalSection
	GlobalSection(ExtensibilityGlobals) = postSolution
		SolutionGuid = {7791DD03-8A0E-4901-A4CE-F3995554695D}
	EndGlobalSection
EndGlobal
